{
  "originHash" : "82192afbad6f970daf7aeffa7ceb8abac6e298069722cb7854c85b63abc30191",
  "pins" : [
    {
      "identity" : "alamofire",
      "kind" : "remoteSourceControl",
      "location" : "https://github.com/Alamofire/Alamofire.git",
      "state" : {
        "revision" : "f455c2975872ccd2d9c81594c658af65716e9b9a",
        "version" : "5.9.1"
      }
    },
    {
      "identity" : "assetpluginlibrary",
      "kind" : "remoteSourceControl",
      "location" : "https://github.com/ratnesh-jain/AssetPluginLibrary",
      "state" : {
        "revision" : "9351d104492750de73e9eccf404e3840dfb6ad78",
        "version" : "0.0.5"
      }
    }
  ],
  "version" : 3
}
